
Microsoft Visual Studio Solution File, Format Version 12.00
# Visual Studio 14
VisualStudioVersion = 14.0.25420.1
MinimumVisualStudioVersion = 10.0.40219.1
Project("{FAE04EC0-301F-11D3-BF4B-00C04F79EFBC}") = "Role Dice - CSharp 6 CH 7.8.6", "Role Dice - CSharp 6 CH 7.8.6\Role Dice - CSharp 6 CH 7.8.6.csproj", "{6700E912-EBD4-4D64-A2FF-5B59063C1A42}"
EndProject
Global
	GlobalSection(SolutionConfigurationPlatforms) = preSolution
		Debug|Any CPU = Debug|Any CPU
		Release|Any CPU = Release|Any CPU
	EndGlobalSection
	GlobalSection(ProjectConfigurationPlatforms) = postSolution
		{6700E912-EBD4-4D64-A2FF-5B59063C1A42}.Debug|Any CPU.ActiveCfg = Debug|Any CPU
		{6700E912-EBD4-4D64-A2FF-5B59063C1A42}.Debug|Any CPU.Build.0 = Debug|Any CPU
		{6700E912-EBD4-4D64-A2FF-5B59063C1A42}.Release|Any CPU.ActiveCfg = Release|Any CPU
		{6700E912-EBD4-4D64-A2FF-5B59063C1A42}.Release|Any CPU.Build.0 = Release|Any CPU
	EndGlobalSection
	GlobalSection(SolutionProperties) = preSolution
		HideSolutionNode = FALSE
	EndGlobalSection
EndGlobal
