
Microsoft Visual Studio Solution File, Format Version 12.00
# Visual Studio Version 16
VisualStudioVersion = 16.0.30907.101
MinimumVisualStudioVersion = 10.0.40219.1
Project("{FAE04EC0-301F-11D3-BF4B-00C04F79EFBC}") = "Arrays", "..\..\OneDrive_Sem1\Sem 1\Arrays\Arrays\Arrays.csproj", "{FBA4DD9E-B991-4B6E-AFDD-9D699E289B2D}"
EndProject
Global
	GlobalSection(SolutionConfigurationPlatforms) = preSolution
		Debug|Any CPU = Debug|Any CPU
		Release|Any CPU = Release|Any CPU
	EndGlobalSection
	GlobalSection(ProjectConfigurationPlatforms) = postSolution
		{FBA4DD9E-B991-4B6E-AFDD-9D699E289B2D}.Debug|Any CPU.ActiveCfg = Debug|Any CPU
		{FBA4DD9E-B991-4B6E-AFDD-9D699E289B2D}.Debug|Any CPU.Build.0 = Debug|Any CPU
		{FBA4DD9E-B991-4B6E-AFDD-9D699E289B2D}.Release|Any CPU.ActiveCfg = Release|Any CPU
		{FBA4DD9E-B991-4B6E-AFDD-9D699E289B2D}.Release|Any CPU.Build.0 = Release|Any CPU
	EndGlobalSection
	GlobalSection(SolutionProperties) = preSolution
		HideSolutionNode = FALSE
	EndGlobalSection
	GlobalSection(ExtensibilityGlobals) = postSolution
		SolutionGuid = {39CBD127-80C7-4F7A-8725-CEAC18A6A99E}
	EndGlobalSection
EndGlobal
